
Microsoft Visual Studio Solution File, Format Version 12.00
# Visual Studio Version 16
VisualStudioVersion = 16.0.30907.101
MinimumVisualStudioVersion = 10.0.40219.1
Project("{FAE04EC0-301F-11D3-BF4B-00C04F79EFBC}") = "BiuBiuClick", "BiuBiuClick.csproj", "{CB34A825-6665-448C-8B79-64B8641ACA22}"
EndProject
Global
	GlobalSection(SolutionConfigurationPlatforms) = preSolution
		Debug|Any CPU = Debug|Any CPU
		Debug|ARM = Debug|ARM
		Debug|ARM64 = Debug|ARM64
		Debug|x64 = Debug|x64
		Debug|x86 = Debug|x86
		Release|Any CPU = Release|Any CPU
		Release|ARM = Release|ARM
		Release|ARM64 = Release|ARM64
		Release|x64 = Release|x64
		Release|x86 = Release|x86
	EndGlobalSection
	GlobalSection(ProjectConfigurationPlatforms) = postSolution
		{CB34A825-6665-448C-8B79-64B8641ACA22}.Debug|Any CPU.ActiveCfg = Debug|Any CPU
		{CB34A825-6665-448C-8B79-64B8641ACA22}.Debug|Any CPU.Build.0 = Debug|Any CPU
		{CB34A825-6665-448C-8B79-64B8641ACA22}.Debug|ARM.ActiveCfg = Debug|Any CPU
		{CB34A825-6665-448C-8B79-64B8641ACA22}.Debug|ARM.Build.0 = Debug|Any CPU
		{CB34A825-6665-448C-8B79-64B8641ACA22}.Debug|ARM64.ActiveCfg = Debug|Any CPU
		{CB34A825-6665-448C-8B79-64B8641ACA22}.Debug|ARM64.Build.0 = Debug|Any CPU
		{CB34A825-6665-448C-8B79-64B8641ACA22}.Debug|x64.ActiveCfg = Debug|Any CPU
		{CB34A825-6665-448C-8B79-64B8641ACA22}.Debug|x64.Build.0 = Debug|Any CPU
		{CB34A825-6665-448C-8B79-64B8641ACA22}.Debug|x86.ActiveCfg = Debug|Any CPU
		{CB34A825-6665-448C-8B79-64B8641ACA22}.Debug|x86.Build.0 = Debug|Any CPU
		{CB34A825-6665-448C-8B79-64B8641ACA22}.Release|Any CPU.ActiveCfg = Release|Any CPU
		{CB34A825-6665-448C-8B79-64B8641ACA22}.Release|Any CPU.Build.0 = Release|Any CPU
		{CB34A825-6665-448C-8B79-64B8641ACA22}.Release|ARM.ActiveCfg = Release|Any CPU
		{CB34A825-6665-448C-8B79-64B8641ACA22}.Release|ARM.Build.0 = Release|Any CPU
		{CB34A825-6665-448C-8B79-64B8641ACA22}.Release|ARM64.ActiveCfg = Release|Any CPU
		{CB34A825-6665-448C-8B79-64B8641ACA22}.Release|ARM64.Build.0 = Release|Any CPU
		{CB34A825-6665-448C-8B79-64B8641ACA22}.Release|x64.ActiveCfg = Release|Any CPU
		{CB34A825-6665-448C-8B79-64B8641ACA22}.Release|x64.Build.0 = Release|Any CPU
		{CB34A825-6665-448C-8B79-64B8641ACA22}.Release|x86.ActiveCfg = Release|Any CPU
		{CB34A825-6665-448C-8B79-64B8641ACA22}.Release|x86.Build.0 = Release|Any CPU
	EndGlobalSection
	GlobalSection(SolutionProperties) = preSolution
		HideSolutionNode = FALSE
	EndGlobalSection
	GlobalSection(ExtensibilityGlobals) = postSolution
		SolutionGuid = {52998518-CD72-4C80-ABAA-8E3BE978DA92}
	EndGlobalSection
EndGlobal
